
Microsoft Visual Studio Solution File, Format Version 12.00
# Visual Studio Version 16
VisualStudioVersion = 16.0.28803.352
MinimumVisualStudioVersion = 10.0.40219.1
Project("{FAE04EC0-301F-11D3-BF4B-00C04F79EFBC}") = "CodeBehindExample", "CodeBehindExample\CodeBehindExample.csproj", "{626D4C12-EFD3-4241-B367-060E564C0C72}"
EndProject
Global
	GlobalSection(SolutionConfigurationPlatforms) = preSolution
		Debug|Any CPU = Debug|Any CPU
		Release|Any CPU = Release|Any CPU
	EndGlobalSection
	GlobalSection(ProjectConfigurationPlatforms) = postSolution
		{626D4C12-EFD3-4241-B367-060E564C0C72}.Debug|Any CPU.ActiveCfg = Debug|Any CPU
		{626D4C12-EFD3-4241-B367-060E564C0C72}.Debug|Any CPU.Build.0 = Debug|Any CPU
		{626D4C12-EFD3-4241-B367-060E564C0C72}.Release|Any CPU.ActiveCfg = Release|Any CPU
		{626D4C12-EFD3-4241-B367-060E564C0C72}.Release|Any CPU.Build.0 = Release|Any CPU
	EndGlobalSection
	GlobalSection(SolutionProperties) = preSolution
		HideSolutionNode = FALSE
	EndGlobalSection
	GlobalSection(ExtensibilityGlobals) = postSolution
		SolutionGuid = {FF8718F7-F8F1-4895-80C9-B1378296536C}
	EndGlobalSection
EndGlobal
